// !$*UTF8*$!
{
	archiveVersion = 1;
	classes = {
	};
	objectVersion = 55;
	objects = {

/* Begin PBXBuildFile section */
		D0BFE354286ACF8A00837F95 /* JYPApp.swift in Sources */ = {isa = PBXBuildFile; fileRef = D0BFE353286ACF8A00837F95 /* JYPApp.swift */; };
		D0BFE356286ACF8A00837F95 /* ContentView.swift in Sources */ = {isa = PBXBuildFile; fileRef = D0BFE355286ACF8A00837F95 /* ContentView.swift */; };
		D0BFE358286ACF8B00837F95 /* Assets.xcassets in Resources */ = {isa = PBXBuildFile; fileRef = D0BFE357286ACF8B00837F95 /* Assets.xcassets */; };
		D0BFE35B286ACF8B00837F95 /* Preview Assets.xcassets in Resources */ = {isa = PBXBuildFile; fileRef = D0BFE35A286ACF8B00837F95 /* Preview Assets.xcassets */; };
		D0BFE365286ACF8C00837F95 /* JYPTests.swift in Sources */ = {isa = PBXBuildFile; fileRef = D0BFE364286ACF8C00837F95 /* JYPTests.swift */; };
		D0BFE36F286ACF8C00837F95 /* JYPUITests.swift in Sources */ = {isa = PBXBuildFile; fileRef = D0BFE36E286ACF8C00837F95 /* JYPUITests.swift */; };
		D0BFE371286ACF8C00837F95 /* JYPUITestsLaunchTests.swift in Sources */ = {isa = PBXBuildFile; fileRef = D0BFE370286ACF8C00837F95 /* JYPUITestsLaunchTests.swift */; };
		D0BFE380286AE3A700837F95 /* Environment.swift in Sources */ = {isa = PBXBuildFile; fileRef = D0BFE37F286AE3A700837F95 /* Environment.swift */; };
		D0BFE384286AED8600837F95 /* APIManager.swift in Sources */ = {isa = PBXBuildFile; fileRef = D0BFE383286AED8600837F95 /* APIManager.swift */; };
		D0BFE386286AEE2200837F95 /* LocationManager.swift in Sources */ = {isa = PBXBuildFile; fileRef = D0BFE385286AEE2200837F95 /* LocationManager.swift */; };
		D0BFE38C286AF3CC00837F95 /* HomeScreenManagerView.swift in Sources */ = {isa = PBXBuildFile; fileRef = D0BFE38B286AF3CC00837F95 /* HomeScreenManagerView.swift */; };
		D0BFE38E286AF55000837F95 /* LocationListItem.swift in Sources */ = {isa = PBXBuildFile; fileRef = D0BFE38D286AF55000837F95 /* LocationListItem.swift */; };
		D0BFE391286AF59C00837F95 /* LocationGlobals.swift in Sources */ = {isa = PBXBuildFile; fileRef = D0BFE390286AF59C00837F95 /* LocationGlobals.swift */; };
		D0BFE393286AFF2E00837F95 /* BusinessSearchModel.swift in Sources */ = {isa = PBXBuildFile; fileRef = D0BFE392286AFF2E00837F95 /* BusinessSearchModel.swift */; };
		D0BFE397286B040400837F95 /* APIError.swift in Sources */ = {isa = PBXBuildFile; fileRef = D0BFE396286B040400837F95 /* APIError.swift */; };
		D0BFE39A286B059C00837F95 /* APIManagerTests.swift in Sources */ = {isa = PBXBuildFile; fileRef = D0BFE399286B059C00837F95 /* APIManagerTests.swift */; };
		D0BFE39E286B1AD400837F95 /* BusinessListView.swift in Sources */ = {isa = PBXBuildFile; fileRef = D0BFE39D286B1AD400837F95 /* BusinessListView.swift */; };
		D0BFE3A0286B1B0C00837F95 /* BusinessListViewModel.swift in Sources */ = {isa = PBXBuildFile; fileRef = D0BFE39F286B1B0C00837F95 /* BusinessListViewModel.swift */; };
		D0BFE3A2286B3CF800837F95 /* LocationError.swift in Sources */ = {isa = PBXBuildFile; fileRef = D0BFE3A1286B3CF800837F95 /* LocationError.swift */; };
		D0BFE3A4286B45B100837F95 /* LoadingViews.swift in Sources */ = {isa = PBXBuildFile; fileRef = D0BFE3A3286B45B100837F95 /* LoadingViews.swift */; };
		D0BFE3A6286B58FE00837F95 /* BusinessManagerView.swift in Sources */ = {isa = PBXBuildFile; fileRef = D0BFE3A5286B58FE00837F95 /* BusinessManagerView.swift */; };
		D0BFE3A8286B5A9600837F95 /* BusinessDetailView.swift in Sources */ = {isa = PBXBuildFile; fileRef = D0BFE3A7286B5A9600837F95 /* BusinessDetailView.swift */; };
		D0BFE3AA286BB2E600837F95 /* BusinessReviewsView.swift in Sources */ = {isa = PBXBuildFile; fileRef = D0BFE3A9286BB2E600837F95 /* BusinessReviewsView.swift */; };
		D0BFE3AC286BB3E400837F95 /* BusinessReviewModel.swift in Sources */ = {isa = PBXBuildFile; fileRef = D0BFE3AB286BB3E400837F95 /* BusinessReviewModel.swift */; };
		D0BFE3B0286BB9C600837F95 /* BusinessReviewsViewModel.swift in Sources */ = {isa = PBXBuildFile; fileRef = D0BFE3AF286BB9C600837F95 /* BusinessReviewsViewModel.swift */; };
		D0BFE3B2286BC6B600837F95 /* BusinessCategoriesView.swift in Sources */ = {isa = PBXBuildFile; fileRef = D0BFE3B1286BC6B600837F95 /* BusinessCategoriesView.swift */; };
		D0BFE3B5286BCB9700837F95 /* BusinessTitleLikeView.swift in Sources */ = {isa = PBXBuildFile; fileRef = D0BFE3B4286BCB9700837F95 /* BusinessTitleLikeView.swift */; };
		D0BFE3B8286BCD9300837F95 /* BusinessDetailAddress.swift in Sources */ = {isa = PBXBuildFile; fileRef = D0BFE3B7286BCD9300837F95 /* BusinessDetailAddress.swift */; };
		D0BFE3BC286BCF7100837F95 /* BusinessDetailRating.swift in Sources */ = {isa = PBXBuildFile; fileRef = D0BFE3BB286BCF7100837F95 /* BusinessDetailRating.swift */; };
		D0BFE3BE286BCFB900837F95 /* BusinessDetailTopNav.swift in Sources */ = {isa = PBXBuildFile; fileRef = D0BFE3BD286BCFB900837F95 /* BusinessDetailTopNav.swift */; };
		D0BFE3C1286BD10600837F95 /* BusinessListTopNav.swift in Sources */ = {isa = PBXBuildFile; fileRef = D0BFE3C0286BD10600837F95 /* BusinessListTopNav.swift */; };
/* End PBXBuildFile section */

/* Begin PBXContainerItemProxy section */
		D0BFE361286ACF8B00837F95 /* PBXContainerItemProxy */ = {
			isa = PBXContainerItemProxy;
			containerPortal = D0BFE348286ACF8A00837F95 /* Project object */;
			proxyType = 1;
			remoteGlobalIDString = D0BFE34F286ACF8A00837F95;
			remoteInfo = JYP;
		};
		D0BFE36B286ACF8C00837F95 /* PBXContainerItemProxy */ = {
			isa = PBXContainerItemProxy;
			containerPortal = D0BFE348286ACF8A00837F95 /* Project object */;
			proxyType = 1;
			remoteGlobalIDString = D0BFE34F286ACF8A00837F95;
			remoteInfo = JYP;
		};
/* End PBXContainerItemProxy section */

/* Begin PBXFileReference section */
		D0BFE350286ACF8A00837F95 /* JYP.app */ = {isa = PBXFileReference; explicitFileType = wrapper.application; includeInIndex = 0; path = JYP.app; sourceTree = BUILT_PRODUCTS_DIR; };
		D0BFE353286ACF8A00837F95 /* JYPApp.swift */ = {isa = PBXFileReference; lastKnownFileType = sourcecode.swift; path = JYPApp.swift; sourceTree = "<group>"; };
		D0BFE355286ACF8A00837F95 /* ContentView.swift */ = {isa = PBXFileReference; lastKnownFileType = sourcecode.swift; path = ContentView.swift; sourceTree = "<group>"; };
		D0BFE357286ACF8B00837F95 /* Assets.xcassets */ = {isa = PBXFileReference; lastKnownFileType = folder.assetcatalog; path = Assets.xcassets; sourceTree = "<group>"; };
		D0BFE35A286ACF8B00837F95 /* Preview Assets.xcassets */ = {isa = PBXFileReference; lastKnownFileType = folder.assetcatalog; path = "Preview Assets.xcassets"; sourceTree = "<group>"; };
		D0BFE360286ACF8B00837F95 /* JYPTests.xctest */ = {isa = PBXFileReference; explicitFileType = wrapper.cfbundle; includeInIndex = 0; path = JYPTests.xctest; sourceTree = BUILT_PRODUCTS_DIR; };
		D0BFE364286ACF8C00837F95 /* JYPTests.swift */ = {isa = PBXFileReference; lastKnownFileType = sourcecode.swift; path = JYPTests.swift; sourceTree = "<group>"; };
		D0BFE36A286ACF8C00837F95 /* JYPUITests.xctest */ = {isa = PBXFileReference; explicitFileType = wrapper.cfbundle; includeInIndex = 0; path = JYPUITests.xctest; sourceTree = BUILT_PRODUCTS_DIR; };
		D0BFE36E286ACF8C00837F95 /* JYPUITests.swift */ = {isa = PBXFileReference; lastKnownFileType = sourcecode.swift; path = JYPUITests.swift; sourceTree = "<group>"; };
		D0BFE370286ACF8C00837F95 /* JYPUITestsLaunchTests.swift */ = {isa = PBXFileReference; lastKnownFileType = sourcecode.swift; path = JYPUITestsLaunchTests.swift; sourceTree = "<group>"; };
		D0BFE37E286AE32E00837F95 /* Info.plist */ = {isa = PBXFileReference; lastKnownFileType = text.plist; path = Info.plist; sourceTree = "<group>"; };
		D0BFE37F286AE3A700837F95 /* Environment.swift */ = {isa = PBXFileReference; lastKnownFileType = sourcecode.swift; path = Environment.swift; sourceTree = "<group>"; };
		D0BFE381286AEBDC00837F95 /* Defaults.xcconfig */ = {isa = PBXFileReference; lastKnownFileType = text.xcconfig; path = Defaults.xcconfig; sourceTree = "<group>"; };
		D0BFE383286AED8600837F95 /* APIManager.swift */ = {isa = PBXFileReference; lastKnownFileType = sourcecode.swift; path = APIManager.swift; sourceTree = "<group>"; };
		D0BFE385286AEE2200837F95 /* LocationManager.swift */ = {isa = PBXFileReference; lastKnownFileType = sourcecode.swift; path = LocationManager.swift; sourceTree = "<group>"; };
		D0BFE38B286AF3CC00837F95 /* HomeScreenManagerView.swift */ = {isa = PBXFileReference; lastKnownFileType = sourcecode.swift; path = HomeScreenManagerView.swift; sourceTree = "<group>"; };
		D0BFE38D286AF55000837F95 /* LocationListItem.swift */ = {isa = PBXFileReference; lastKnownFileType = sourcecode.swift; path = LocationListItem.swift; sourceTree = "<group>"; };
		D0BFE390286AF59C00837F95 /* LocationGlobals.swift */ = {isa = PBXFileReference; lastKnownFileType = sourcecode.swift; path = LocationGlobals.swift; sourceTree = "<group>"; };
		D0BFE392286AFF2E00837F95 /* BusinessSearchModel.swift */ = {isa = PBXFileReference; lastKnownFileType = sourcecode.swift; path = BusinessSearchModel.swift; sourceTree = "<group>"; };
		D0BFE396286B040400837F95 /* APIError.swift */ = {isa = PBXFileReference; lastKnownFileType = sourcecode.swift; path = APIError.swift; sourceTree = "<group>"; };
		D0BFE399286B059C00837F95 /* APIManagerTests.swift */ = {isa = PBXFileReference; lastKnownFileType = sourcecode.swift; path = APIManagerTests.swift; sourceTree = "<group>"; };
		D0BFE39D286B1AD400837F95 /* BusinessListView.swift */ = {isa = PBXFileReference; lastKnownFileType = sourcecode.swift; path = BusinessListView.swift; sourceTree = "<group>"; };
		D0BFE39F286B1B0C00837F95 /* BusinessListViewModel.swift */ = {isa = PBXFileReference; lastKnownFileType = sourcecode.swift; path = BusinessListViewModel.swift; sourceTree = "<group>"; };
		D0BFE3A1286B3CF800837F95 /* LocationError.swift */ = {isa = PBXFileReference; lastKnownFileType = sourcecode.swift; path = LocationError.swift; sourceTree = "<group>"; };
		D0BFE3A3286B45B100837F95 /* LoadingViews.swift */ = {isa = PBXFileReference; lastKnownFileType = sourcecode.swift; path = LoadingViews.swift; sourceTree = "<group>"; };
		D0BFE3A5286B58FE00837F95 /* BusinessManagerView.swift */ = {isa = PBXFileReference; lastKnownFileType = sourcecode.swift; path = BusinessManagerView.swift; sourceTree = "<group>"; };
		D0BFE3A7286B5A9600837F95 /* BusinessDetailView.swift */ = {isa = PBXFileReference; lastKnownFileType = sourcecode.swift; path = BusinessDetailView.swift; sourceTree = "<group>"; };
		D0BFE3A9286BB2E600837F95 /* BusinessReviewsView.swift */ = {isa = PBXFileReference; lastKnownFileType = sourcecode.swift; path = BusinessReviewsView.swift; sourceTree = "<group>"; };
		D0BFE3AB286BB3E400837F95 /* BusinessReviewModel.swift */ = {isa = PBXFileReference; lastKnownFileType = sourcecode.swift; path = BusinessReviewModel.swift; sourceTree = "<group>"; };
		D0BFE3AF286BB9C600837F95 /* BusinessReviewsViewModel.swift */ = {isa = PBXFileReference; lastKnownFileType = sourcecode.swift; path = BusinessReviewsViewModel.swift; sourceTree = "<group>"; };
		D0BFE3B1286BC6B600837F95 /* BusinessCategoriesView.swift */ = {isa = PBXFileReference; lastKnownFileType = sourcecode.swift; path = BusinessCategoriesView.swift; sourceTree = "<group>"; };
		D0BFE3B4286BCB9700837F95 /* BusinessTitleLikeView.swift */ = {isa = PBXFileReference; lastKnownFileType = sourcecode.swift; path = BusinessTitleLikeView.swift; sourceTree = "<group>"; };
		D0BFE3B7286BCD9300837F95 /* BusinessDetailAddress.swift */ = {isa = PBXFileReference; lastKnownFileType = sourcecode.swift; path = BusinessDetailAddress.swift; sourceTree = "<group>"; };
		D0BFE3BB286BCF7100837F95 /* BusinessDetailRating.swift */ = {isa = PBXFileReference; lastKnownFileType = sourcecode.swift; path = BusinessDetailRating.swift; sourceTree = "<group>"; };
		D0BFE3BD286BCFB900837F95 /* BusinessDetailTopNav.swift */ = {isa = PBXFileReference; lastKnownFileType = sourcecode.swift; path = BusinessDetailTopNav.swift; sourceTree = "<group>"; };
		D0BFE3C0286BD10600837F95 /* BusinessListTopNav.swift */ = {isa = PBXFileReference; lastKnownFileType = sourcecode.swift; path = BusinessListTopNav.swift; sourceTree = "<group>"; };
/* End PBXFileReference section */

/* Begin PBXFrameworksBuildPhase section */
		D0BFE34D286ACF8A00837F95 /* Frameworks */ = {
			isa = PBXFrameworksBuildPhase;
			buildActionMask = 2147483647;
			files = (
			);
			runOnlyForDeploymentPostprocessing = 0;
		};
		D0BFE35D286ACF8B00837F95 /* Frameworks */ = {
			isa = PBXFrameworksBuildPhase;
			buildActionMask = 2147483647;
			files = (
			);
			runOnlyForDeploymentPostprocessing = 0;
		};
		D0BFE367286ACF8C00837F95 /* Frameworks */ = {
			isa = PBXFrameworksBuildPhase;
			buildActionMask = 2147483647;
			files = (
			);
			runOnlyForDeploymentPostprocessing = 0;
		};
/* End PBXFrameworksBuildPhase section */

/* Begin PBXGroup section */
		D0BFE347286ACF8A00837F95 = {
			isa = PBXGroup;
			children = (
				D0BFE352286ACF8A00837F95 /* JYP */,
				D0BFE363286ACF8C00837F95 /* JYPTests */,
				D0BFE36D286ACF8C00837F95 /* JYPUITests */,
				D0BFE351286ACF8A00837F95 /* Products */,
			);
			sourceTree = "<group>";
		};
		D0BFE351286ACF8A00837F95 /* Products */ = {
			isa = PBXGroup;
			children = (
				D0BFE350286ACF8A00837F95 /* JYP.app */,
				D0BFE360286ACF8B00837F95 /* JYPTests.xctest */,
				D0BFE36A286ACF8C00837F95 /* JYPUITests.xctest */,
			);
			name = Products;
			sourceTree = "<group>";
		};
		D0BFE352286ACF8A00837F95 /* JYP */ = {
			isa = PBXGroup;
			children = (
				D0BFE395286B03CF00837F95 /* Errors */,
				D0BFE389286AF3A400837F95 /* Models */,
				D0BFE388286AF39C00837F95 /* ViewModels */,
				D0BFE387286AF38E00837F95 /* Views */,
				D0BFE382286AED5500837F95 /* Server */,
				D0BFE37E286AE32E00837F95 /* Info.plist */,
				D0BFE353286ACF8A00837F95 /* JYPApp.swift */,
				D0BFE355286ACF8A00837F95 /* ContentView.swift */,
				D0BFE357286ACF8B00837F95 /* Assets.xcassets */,
				D0BFE359286ACF8B00837F95 /* Preview Content */,
				D0BFE37F286AE3A700837F95 /* Environment.swift */,
				D0BFE381286AEBDC00837F95 /* Defaults.xcconfig */,
			);
			path = JYP;
			sourceTree = "<group>";
		};
		D0BFE359286ACF8B00837F95 /* Preview Content */ = {
			isa = PBXGroup;
			children = (
				D0BFE35A286ACF8B00837F95 /* Preview Assets.xcassets */,
			);
			path = "Preview Content";
			sourceTree = "<group>";
		};
		D0BFE363286ACF8C00837F95 /* JYPTests */ = {
			isa = PBXGroup;
			children = (
				D0BFE398286B058300837F95 /* APITests */,
				D0BFE364286ACF8C00837F95 /* JYPTests.swift */,
			);
			path = JYPTests;
			sourceTree = "<group>";
		};
		D0BFE36D286ACF8C00837F95 /* JYPUITests */ = {
			isa = PBXGroup;
			children = (
				D0BFE36E286ACF8C00837F95 /* JYPUITests.swift */,
				D0BFE370286ACF8C00837F95 /* JYPUITestsLaunchTests.swift */,
			);
			path = JYPUITests;
			sourceTree = "<group>";
		};
		D0BFE382286AED5500837F95 /* Server */ = {
			isa = PBXGroup;
			children = (
				D0BFE383286AED8600837F95 /* APIManager.swift */,
				D0BFE385286AEE2200837F95 /* LocationManager.swift */,
			);
			path = Server;
			sourceTree = "<group>";
		};
		D0BFE387286AF38E00837F95 /* Views */ = {
			isa = PBXGroup;
			children = (
				D0BFE39C286B1AB200837F95 /* Business */,
				D0BFE38F286AF58900837F95 /* Utilities */,
				D0BFE38A286AF3B800837F95 /* HomeScreen */,
			);
			path = Views;
			sourceTree = "<group>";
		};
		D0BFE388286AF39C00837F95 /* ViewModels */ = {
			isa = PBXGroup;
			children = (
				D0BFE39F286B1B0C00837F95 /* BusinessListViewModel.swift */,
				D0BFE3AF286BB9C600837F95 /* BusinessReviewsViewModel.swift */,
			);
			path = ViewModels;
			sourceTree = "<group>";
		};
		D0BFE389286AF3A400837F95 /* Models */ = {
			isa = PBXGroup;
			children = (
				D0BFE392286AFF2E00837F95 /* BusinessSearchModel.swift */,
				D0BFE3AB286BB3E400837F95 /* BusinessReviewModel.swift */,
			);
			path = Models;
			sourceTree = "<group>";
		};
		D0BFE38A286AF3B800837F95 /* HomeScreen */ = {
			isa = PBXGroup;
			children = (
				D0BFE38B286AF3CC00837F95 /* HomeScreenManagerView.swift */,
				D0BFE38D286AF55000837F95 /* LocationListItem.swift */,
			);
			path = HomeScreen;
			sourceTree = "<group>";
		};
		D0BFE38F286AF58900837F95 /* Utilities */ = {
			isa = PBXGroup;
			children = (
				D0BFE390286AF59C00837F95 /* LocationGlobals.swift */,
				D0BFE3A3286B45B100837F95 /* LoadingViews.swift */,
			);
			path = Utilities;
			sourceTree = "<group>";
		};
		D0BFE395286B03CF00837F95 /* Errors */ = {
			isa = PBXGroup;
			children = (
				D0BFE396286B040400837F95 /* APIError.swift */,
				D0BFE3A1286B3CF800837F95 /* LocationError.swift */,
			);
			path = Errors;
			sourceTree = "<group>";
		};
		D0BFE398286B058300837F95 /* APITests */ = {
			isa = PBXGroup;
			children = (
				D0BFE399286B059C00837F95 /* APIManagerTests.swift */,
			);
			path = APITests;
			sourceTree = "<group>";
		};
		D0BFE39C286B1AB200837F95 /* Business */ = {
			isa = PBXGroup;
			children = (
				D0BFE3BF286BD0DF00837F95 /* BusinessList */,
				D0BFE3B3286BCB6700837F95 /* BusinessDetails */,
				D0BFE3A5286B58FE00837F95 /* BusinessManagerView.swift */,
			);
			path = Business;
			sourceTree = "<group>";
		};
		D0BFE3B3286BCB6700837F95 /* BusinessDetails */ = {
			isa = PBXGroup;
			children = (
				D0BFE3B6286BCD6A00837F95 /* DetailComponents */,
				D0BFE3A7286B5A9600837F95 /* BusinessDetailView.swift */,
			);
			path = BusinessDetails;
			sourceTree = "<group>";
		};
		D0BFE3B6286BCD6A00837F95 /* DetailComponents */ = {
			isa = PBXGroup;
			children = (
				D0BFE3A9286BB2E600837F95 /* BusinessReviewsView.swift */,
				D0BFE3B1286BC6B600837F95 /* BusinessCategoriesView.swift */,
				D0BFE3B4286BCB9700837F95 /* BusinessTitleLikeView.swift */,
				D0BFE3B7286BCD9300837F95 /* BusinessDetailAddress.swift */,
				D0BFE3BB286BCF7100837F95 /* BusinessDetailRating.swift */,
				D0BFE3BD286BCFB900837F95 /* BusinessDetailTopNav.swift */,
			);
			path = DetailComponents;
			sourceTree = "<group>";
		};
		D0BFE3BF286BD0DF00837F95 /* BusinessList */ = {
			isa = PBXGroup;
			children = (
				D0BFE39D286B1AD400837F95 /* BusinessListView.swift */,
				D0BFE3C0286BD10600837F95 /* BusinessListTopNav.swift */,
			);
			path = BusinessList;
			sourceTree = "<group>";
		};
/* End PBXGroup section */

/* Begin PBXNativeTarget section */
		D0BFE34F286ACF8A00837F95 /* JYP */ = {
			isa = PBXNativeTarget;
			buildConfigurationList = D0BFE374286ACF8C00837F95 /* Build configuration list for PBXNativeTarget "JYP" */;
			buildPhases = (
				D0BFE34C286ACF8A00837F95 /* Sources */,
				D0BFE34D286ACF8A00837F95 /* Frameworks */,
				D0BFE34E286ACF8A00837F95 /* Resources */,
			);
			buildRules = (
			);
			dependencies = (
			);
			name = JYP;
			productName = JYP;
			productReference = D0BFE350286ACF8A00837F95 /* JYP.app */;
			productType = "com.apple.product-type.application";
		};
		D0BFE35F286ACF8B00837F95 /* JYPTests */ = {
			isa = PBXNativeTarget;
			buildConfigurationList = D0BFE377286ACF8C00837F95 /* Build configuration list for PBXNativeTarget "JYPTests" */;
			buildPhases = (
				D0BFE35C286ACF8B00837F95 /* Sources */,
				D0BFE35D286ACF8B00837F95 /* Frameworks */,
				D0BFE35E286ACF8B00837F95 /* Resources */,
			);
			buildRules = (
			);
			dependencies = (
				D0BFE362286ACF8B00837F95 /* PBXTargetDependency */,
			);
			name = JYPTests;
			productName = JYPTests;
			productReference = D0BFE360286ACF8B00837F95 /* JYPTests.xctest */;
			productType = "com.apple.product-type.bundle.unit-test";
		};
		D0BFE369286ACF8C00837F95 /* JYPUITests */ = {
			isa = PBXNativeTarget;
			buildConfigurationList = D0BFE37A286ACF8C00837F95 /* Build configuration list for PBXNativeTarget "JYPUITests" */;
			buildPhases = (
				D0BFE366286ACF8C00837F95 /* Sources */,
				D0BFE367286ACF8C00837F95 /* Frameworks */,
				D0BFE368286ACF8C00837F95 /* Resources */,
			);
			buildRules = (
			);
			dependencies = (
				D0BFE36C286ACF8C00837F95 /* PBXTargetDependency */,
			);
			name = JYPUITests;
			productName = JYPUITests;
			productReference = D0BFE36A286ACF8C00837F95 /* JYPUITests.xctest */;
			productType = "com.apple.product-type.bundle.ui-testing";
		};
/* End PBXNativeTarget section */

/* Begin PBXProject section */
		D0BFE348286ACF8A00837F95 /* Project object */ = {
			isa = PBXProject;
			attributes = {
				BuildIndependentTargetsInParallel = 1;
				LastSwiftUpdateCheck = 1340;
				LastUpgradeCheck = 1340;
				TargetAttributes = {
					D0BFE34F286ACF8A00837F95 = {
						CreatedOnToolsVersion = 13.4;
					};
					D0BFE35F286ACF8B00837F95 = {
						CreatedOnToolsVersion = 13.4;
						TestTargetID = D0BFE34F286ACF8A00837F95;
					};
					D0BFE369286ACF8C00837F95 = {
						CreatedOnToolsVersion = 13.4;
						TestTargetID = D0BFE34F286ACF8A00837F95;
					};
				};
			};
			buildConfigurationList = D0BFE34B286ACF8A00837F95 /* Build configuration list for PBXProject "JYP" */;
			compatibilityVersion = "Xcode 13.0";
			developmentRegion = en;
			hasScannedForEncodings = 0;
			knownRegions = (
				en,
				Base,
			);
			mainGroup = D0BFE347286ACF8A00837F95;
			productRefGroup = D0BFE351286ACF8A00837F95 /* Products */;
			projectDirPath = "";
			projectRoot = "";
			targets = (
				D0BFE34F286ACF8A00837F95 /* JYP */,
				D0BFE35F286ACF8B00837F95 /* JYPTests */,
				D0BFE369286ACF8C00837F95 /* JYPUITests */,
			);
		};
/* End PBXProject section */

/* Begin PBXResourcesBuildPhase section */
		D0BFE34E286ACF8A00837F95 /* Resources */ = {
			isa = PBXResourcesBuildPhase;
			buildActionMask = 2147483647;
			files = (
				D0BFE35B286ACF8B00837F95 /* Preview Assets.xcassets in Resources */,
				D0BFE358286ACF8B00837F95 /* Assets.xcassets in Resources */,
			);
			runOnlyForDeploymentPostprocessing = 0;
		};
		D0BFE35E286ACF8B00837F95 /* Resources */ = {
			isa = PBXResourcesBuildPhase;
			buildActionMask = 2147483647;
			files = (
			);
			runOnlyForDeploymentPostprocessing = 0;
		};
		D0BFE368286ACF8C00837F95 /* Resources */ = {
			isa = PBXResourcesBuildPhase;
			buildActionMask = 2147483647;
			files = (
			);
			runOnlyForDeploymentPostprocessing = 0;
		};
/* End PBXResourcesBuildPhase section */

/* Begin PBXSourcesBuildPhase section */
		D0BFE34C286ACF8A00837F95 /* Sources */ = {
			isa = PBXSourcesBuildPhase;
			buildActionMask = 2147483647;
			files = (
				D0BFE3B2286BC6B600837F95 /* BusinessCategoriesView.swift in Sources */,
				D0BFE384286AED8600837F95 /* APIManager.swift in Sources */,
				D0BFE356286ACF8A00837F95 /* ContentView.swift in Sources */,
				D0BFE39E286B1AD400837F95 /* BusinessListView.swift in Sources */,
				D0BFE3BE286BCFB900837F95 /* BusinessDetailTopNav.swift in Sources */,
				D0BFE3AA286BB2E600837F95 /* BusinessReviewsView.swift in Sources */,
				D0BFE386286AEE2200837F95 /* LocationManager.swift in Sources */,
				D0BFE3BC286BCF7100837F95 /* BusinessDetailRating.swift in Sources */,
				D0BFE3B5286BCB9700837F95 /* BusinessTitleLikeView.swift in Sources */,
				D0BFE397286B040400837F95 /* APIError.swift in Sources */,
				D0BFE380286AE3A700837F95 /* Environment.swift in Sources */,
				D0BFE38E286AF55000837F95 /* LocationListItem.swift in Sources */,
				D0BFE3A4286B45B100837F95 /* LoadingViews.swift in Sources */,
				D0BFE3B8286BCD9300837F95 /* BusinessDetailAddress.swift in Sources */,
				D0BFE391286AF59C00837F95 /* LocationGlobals.swift in Sources */,
				D0BFE3A2286B3CF800837F95 /* LocationError.swift in Sources */,
				D0BFE3B0286BB9C600837F95 /* BusinessReviewsViewModel.swift in Sources */,
				D0BFE354286ACF8A00837F95 /* JYPApp.swift in Sources */,
				D0BFE3C1286BD10600837F95 /* BusinessListTopNav.swift in Sources */,
				D0BFE3A6286B58FE00837F95 /* BusinessManagerView.swift in Sources */,
				D0BFE38C286AF3CC00837F95 /* HomeScreenManagerView.swift in Sources */,
				D0BFE3A8286B5A9600837F95 /* BusinessDetailView.swift in Sources */,
				D0BFE3AC286BB3E400837F95 /* BusinessReviewModel.swift in Sources */,
				D0BFE3A0286B1B0C00837F95 /* BusinessListViewModel.swift in Sources */,
				D0BFE393286AFF2E00837F95 /* BusinessSearchModel.swift in Sources */,
			);
			runOnlyForDeploymentPostprocessing = 0;
		};
		D0BFE35C286ACF8B00837F95 /* Sources */ = {
			isa = PBXSourcesBuildPhase;
			buildActionMask = 2147483647;
			files = (
				D0BFE39A286B059C00837F95 /* APIManagerTests.swift in Sources */,
				D0BFE365286ACF8C00837F95 /* JYPTests.swift in Sources */,
			);
			runOnlyForDeploymentPostprocessing = 0;
		};
		D0BFE366286ACF8C00837F95 /* Sources */ = {
			isa = PBXSourcesBuildPhase;
			buildActionMask = 2147483647;
			files = (
				D0BFE371286ACF8C00837F95 /* JYPUITestsLaunchTests.swift in Sources */,
				D0BFE36F286ACF8C00837F95 /* JYPUITests.swift in Sources */,
			);
			runOnlyForDeploymentPostprocessing = 0;
		};
/* End PBXSourcesBuildPhase section */

/* Begin PBXTargetDependency section */
		D0BFE362286ACF8B00837F95 /* PBXTargetDependency */ = {
			isa = PBXTargetDependency;
			target = D0BFE34F286ACF8A00837F95 /* JYP */;
			targetProxy = D0BFE361286ACF8B00837F95 /* PBXContainerItemProxy */;
		};
		D0BFE36C286ACF8C00837F95 /* PBXTargetDependency */ = {
			isa = PBXTargetDependency;
			target = D0BFE34F286ACF8A00837F95 /* JYP */;
			targetProxy = D0BFE36B286ACF8C00837F95 /* PBXContainerItemProxy */;
		};
/* End PBXTargetDependency section */

/* Begin XCBuildConfiguration section */
		D0BFE372286ACF8C00837F95 /* Debug */ = {
			isa = XCBuildConfiguration;
			baseConfigurationReference = D0BFE381286AEBDC00837F95 /* Defaults.xcconfig */;
			buildSettings = {
				ALWAYS_SEARCH_USER_PATHS = NO;
				CLANG_ANALYZER_NONNULL = YES;
				CLANG_ANALYZER_NUMBER_OBJECT_CONVERSION = YES_AGGRESSIVE;
				CLANG_CXX_LANGUAGE_STANDARD = "gnu++17";
				CLANG_ENABLE_MODULES = YES;
				CLANG_ENABLE_OBJC_ARC = YES;
				CLANG_ENABLE_OBJC_WEAK = YES;
				CLANG_WARN_BLOCK_CAPTURE_AUTORELEASING = YES;
				CLANG_WARN_BOOL_CONVERSION = YES;
				CLANG_WARN_COMMA = YES;
				CLANG_WARN_CONSTANT_CONVERSION = YES;
				CLANG_WARN_DEPRECATED_OBJC_IMPLEMENTATIONS = YES;
				CLANG_WARN_DIRECT_OBJC_ISA_USAGE = YES_ERROR;
				CLANG_WARN_DOCUMENTATION_COMMENTS = YES;
				CLANG_WARN_EMPTY_BODY = YES;
				CLANG_WARN_ENUM_CONVERSION = YES;
				CLANG_WARN_INFINITE_RECURSION = YES;
				CLANG_WARN_INT_CONVERSION = YES;
				CLANG_WARN_NON_LITERAL_NULL_CONVERSION = YES;
				CLANG_WARN_OBJC_IMPLICIT_RETAIN_SELF = YES;
				CLANG_WARN_OBJC_LITERAL_CONVERSION = YES;
				CLANG_WARN_OBJC_ROOT_CLASS = YES_ERROR;
				CLANG_WARN_QUOTED_INCLUDE_IN_FRAMEWORK_HEADER = YES;
				CLANG_WARN_RANGE_LOOP_ANALYSIS = YES;
				CLANG_WARN_STRICT_PROTOTYPES = YES;
				CLANG_WARN_SUSPICIOUS_MOVE = YES;
				CLANG_WARN_UNGUARDED_AVAILABILITY = YES_AGGRESSIVE;
				CLANG_WARN_UNREACHABLE_CODE = YES;
				CLANG_WARN__DUPLICATE_METHOD_MATCH = YES;
				COPY_PHASE_STRIP = NO;
				DEBUG_INFORMATION_FORMAT = dwarf;
				ENABLE_STRICT_OBJC_MSGSEND = YES;
				ENABLE_TESTABILITY = YES;
				GCC_C_LANGUAGE_STANDARD = gnu11;
				GCC_DYNAMIC_NO_PIC = NO;
				GCC_NO_COMMON_BLOCKS = YES;
				GCC_OPTIMIZATION_LEVEL = 0;
				GCC_PREPROCESSOR_DEFINITIONS = (
					"DEBUG=1",
					"$(inherited)",
				);
				GCC_WARN_64_TO_32_BIT_CONVERSION = YES;
				GCC_WARN_ABOUT_RETURN_TYPE = YES_ERROR;
				GCC_WARN_UNDECLARED_SELECTOR = YES;
				GCC_WARN_UNINITIALIZED_AUTOS = YES_AGGRESSIVE;
				GCC_WARN_UNUSED_FUNCTION = YES;
				GCC_WARN_UNUSED_VARIABLE = YES;
				IPHONEOS_DEPLOYMENT_TARGET = 15.5;
				MTL_ENABLE_DEBUG_INFO = INCLUDE_SOURCE;
				MTL_FAST_MATH = YES;
				ONLY_ACTIVE_ARCH = YES;
				SDKROOT = iphoneos;
				SWIFT_ACTIVE_COMPILATION_CONDITIONS = DEBUG;
				SWIFT_OPTIMIZATION_LEVEL = "-Onone";
			};
			name = Debug;
		};
		D0BFE373286ACF8C00837F95 /* Release */ = {
			isa = XCBuildConfiguration;
			baseConfigurationReference = D0BFE381286AEBDC00837F95 /* Defaults.xcconfig */;
			buildSettings = {
				ALWAYS_SEARCH_USER_PATHS = NO;
				CLANG_ANALYZER_NONNULL = YES;
				CLANG_ANALYZER_NUMBER_OBJECT_CONVERSION = YES_AGGRESSIVE;
				CLANG_CXX_LANGUAGE_STANDARD = "gnu++17";
				CLANG_ENABLE_MODULES = YES;
				CLANG_ENABLE_OBJC_ARC = YES;
				CLANG_ENABLE_OBJC_WEAK = YES;
				CLANG_WARN_BLOCK_CAPTURE_AUTORELEASING = YES;
				CLANG_WARN_BOOL_CONVERSION = YES;
				CLANG_WARN_COMMA = YES;
				CLANG_WARN_CONSTANT_CONVERSION = YES;
				CLANG_WARN_DEPRECATED_OBJC_IMPLEMENTATIONS = YES;
				CLANG_WARN_DIRECT_OBJC_ISA_USAGE = YES_ERROR;
				CLANG_WARN_DOCUMENTATION_COMMENTS = YES;
				CLANG_WARN_EMPTY_BODY = YES;
				CLANG_WARN_ENUM_CONVERSION = YES;
				CLANG_WARN_INFINITE_RECURSION = YES;
				CLANG_WARN_INT_CONVERSION = YES;
				CLANG_WARN_NON_LITERAL_NULL_CONVERSION = YES;
				CLANG_WARN_OBJC_IMPLICIT_RETAIN_SELF = YES;
				CLANG_WARN_OBJC_LITERAL_CONVERSION = YES;
				CLANG_WARN_OBJC_ROOT_CLASS = YES_ERROR;
				CLANG_WARN_QUOTED_INCLUDE_IN_FRAMEWORK_HEADER = YES;
				CLANG_WARN_RANGE_LOOP_ANALYSIS = YES;
				CLANG_WARN_STRICT_PROTOTYPES = YES;
				CLANG_WARN_SUSPICIOUS_MOVE = YES;
				CLANG_WARN_UNGUARDED_AVAILABILITY = YES_AGGRESSIVE;
				CLANG_WARN_UNREACHABLE_CODE = YES;
				CLANG_WARN__DUPLICATE_METHOD_MATCH = YES;
				COPY_PHASE_STRIP = NO;
				DEBUG_INFORMATION_FORMAT = "dwarf-with-dsym";
				ENABLE_NS_ASSERTIONS = NO;
				ENABLE_STRICT_OBJC_MSGSEND = YES;
				GCC_C_LANGUAGE_STANDARD = gnu11;
				GCC_NO_COMMON_BLOCKS = YES;
				GCC_WARN_64_TO_32_BIT_CONVERSION = YES;
				GCC_WARN_ABOUT_RETURN_TYPE = YES_ERROR;
				GCC_WARN_UNDECLARED_SELECTOR = YES;
				GCC_WARN_UNINITIALIZED_AUTOS = YES_AGGRESSIVE;
				GCC_WARN_UNUSED_FUNCTION = YES;
				GCC_WARN_UNUSED_VARIABLE = YES;
				IPHONEOS_DEPLOYMENT_TARGET = 15.5;
				MTL_ENABLE_DEBUG_INFO = NO;
				MTL_FAST_MATH = YES;
				SDKROOT = iphoneos;
				SWIFT_COMPILATION_MODE = wholemodule;
				SWIFT_OPTIMIZATION_LEVEL = "-O";
				VALIDATE_PRODUCT = YES;
			};
			name = Release;
		};
		D0BFE375286ACF8C00837F95 /* Debug */ = {
			isa = XCBuildConfiguration;
			baseConfigurationReference = D0BFE381286AEBDC00837F95 /* Defaults.xcconfig */;
			buildSettings = {
				ASSETCATALOG_COMPILER_APPICON_NAME = AppIcon;
				ASSETCATALOG_COMPILER_GLOBAL_ACCENT_COLOR_NAME = AccentColor;
				CODE_SIGN_STYLE = Automatic;
				CURRENT_PROJECT_VERSION = 1;
				DEVELOPMENT_ASSET_PATHS = "\"JYP/Preview Content\"";
				DEVELOPMENT_TEAM = 8T8KL324F4;
				ENABLE_PREVIEWS = YES;
				GENERATE_INFOPLIST_FILE = YES;
				INFOPLIST_FILE = JYP/Info.plist;
				INFOPLIST_KEY_UIApplicationSceneManifest_Generation = YES;
				INFOPLIST_KEY_UIApplicationSupportsIndirectInputEvents = YES;
				INFOPLIST_KEY_UILaunchScreen_Generation = YES;
				INFOPLIST_KEY_UISupportedInterfaceOrientations_iPad = "UIInterfaceOrientationPortrait UIInterfaceOrientationPortraitUpsideDown UIInterfaceOrientationLandscapeLeft UIInterfaceOrientationLandscapeRight";
				INFOPLIST_KEY_UISupportedInterfaceOrientations_iPhone = "UIInterfaceOrientationPortrait UIInterfaceOrientationLandscapeLeft UIInterfaceOrientationLandscapeRight";
				LD_RUNPATH_SEARCH_PATHS = (
					"$(inherited)",
					"@executable_path/Frameworks",
				);
				MARKETING_VERSION = 1.0;
				PRODUCT_BUNDLE_IDENTIFIER = com.pa.JYP;
				PRODUCT_NAME = "$(TARGET_NAME)";
				SWIFT_EMIT_LOC_STRINGS = YES;
				SWIFT_VERSION = 5.0;
				TARGETED_DEVICE_FAMILY = "1,2";
			};
			name = Debug;
		};
		D0BFE376286ACF8C00837F95 /* Release */ = {
			isa = XCBuildConfiguration;
			baseConfigurationReference = D0BFE381286AEBDC00837F95 /* Defaults.xcconfig */;
			buildSettings = {
				ASSETCATALOG_COMPILER_APPICON_NAME = AppIcon;
				ASSETCATALOG_COMPILER_GLOBAL_ACCENT_COLOR_NAME = AccentColor;
				CODE_SIGN_STYLE = Automatic;
				CURRENT_PROJECT_VERSION = 1;
				DEVELOPMENT_ASSET_PATHS = "\"JYP/Preview Content\"";
				DEVELOPMENT_TEAM = 8T8KL324F4;
				ENABLE_PREVIEWS = YES;
				GENERATE_INFOPLIST_FILE = YES;
				INFOPLIST_FILE = JYP/Info.plist;
				INFOPLIST_KEY_UIApplicationSceneManifest_Generation = YES;
				INFOPLIST_KEY_UIApplicationSupportsIndirectInputEvents = YES;
				INFOPLIST_KEY_UILaunchScreen_Generation = YES;
				INFOPLIST_KEY_UISupportedInterfaceOrientations_iPad = "UIInterfaceOrientationPortrait UIInterfaceOrientationPortraitUpsideDown UIInterfaceOrientationLandscapeLeft UIInterfaceOrientationLandscapeRight";
				INFOPLIST_KEY_UISupportedInterfaceOrientations_iPhone = "UIInterfaceOrientationPortrait UIInterfaceOrientationLandscapeLeft UIInterfaceOrientationLandscapeRight";
				LD_RUNPATH_SEARCH_PATHS = (
					"$(inherited)",
					"@executable_path/Frameworks",
				);
				MARKETING_VERSION = 1.0;
				PRODUCT_BUNDLE_IDENTIFIER = com.pa.JYP;
				PRODUCT_NAME = "$(TARGET_NAME)";
				SWIFT_EMIT_LOC_STRINGS = YES;
				SWIFT_VERSION = 5.0;
				TARGETED_DEVICE_FAMILY = "1,2";
			};
			name = Release;
		};
		D0BFE378286ACF8C00837F95 /* Debug */ = {
			isa = XCBuildConfiguration;
			baseConfigurationReference = D0BFE381286AEBDC00837F95 /* Defaults.xcconfig */;
			buildSettings = {
				ALWAYS_EMBED_SWIFT_STANDARD_LIBRARIES = YES;
				BUNDLE_LOADER = "$(TEST_HOST)";
				CODE_SIGN_STYLE = Automatic;
				CURRENT_PROJECT_VERSION = 1;
				DEVELOPMENT_TEAM = 8T8KL324F4;
				GENERATE_INFOPLIST_FILE = YES;
				IPHONEOS_DEPLOYMENT_TARGET = 15.5;
				MARKETING_VERSION = 1.0;
				PRODUCT_BUNDLE_IDENTIFIER = com.pa.JYPTests;
				PRODUCT_NAME = "$(TARGET_NAME)";
				SWIFT_EMIT_LOC_STRINGS = NO;
				SWIFT_VERSION = 5.0;
				TARGETED_DEVICE_FAMILY = "1,2";
				TEST_HOST = "$(BUILT_PRODUCTS_DIR)/JYP.app/JYP";
			};
			name = Debug;
		};
		D0BFE379286ACF8C00837F95 /* Release */ = {
			isa = XCBuildConfiguration;
			baseConfigurationReference = D0BFE381286AEBDC00837F95 /* Defaults.xcconfig */;
			buildSettings = {
				ALWAYS_EMBED_SWIFT_STANDARD_LIBRARIES = YES;
				BUNDLE_LOADER = "$(TEST_HOST)";
				CODE_SIGN_STYLE = Automatic;
				CURRENT_PROJECT_VERSION = 1;
				DEVELOPMENT_TEAM = 8T8KL324F4;
				GENERATE_INFOPLIST_FILE = YES;
				IPHONEOS_DEPLOYMENT_TARGET = 15.5;
				MARKETING_VERSION = 1.0;
				PRODUCT_BUNDLE_IDENTIFIER = com.pa.JYPTests;
				PRODUCT_NAME = "$(TARGET_NAME)";
				SWIFT_EMIT_LOC_STRINGS = NO;
				SWIFT_VERSION = 5.0;
				TARGETED_DEVICE_FAMILY = "1,2";
				TEST_HOST = "$(BUILT_PRODUCTS_DIR)/JYP.app/JYP";
			};
			name = Release;
		};
		D0BFE37B286ACF8C00837F95 /* Debug */ = {
			isa = XCBuildConfiguration;
			buildSettings = {
				ALWAYS_EMBED_SWIFT_STANDARD_LIBRARIES = YES;
				CODE_SIGN_STYLE = Automatic;
				CURRENT_PROJECT_VERSION = 1;
				DEVELOPMENT_TEAM = 8T8KL324F4;
				GENERATE_INFOPLIST_FILE = YES;
				MARKETING_VERSION = 1.0;
				PRODUCT_BUNDLE_IDENTIFIER = com.pa.JYPUITests;
				PRODUCT_NAME = "$(TARGET_NAME)";
				SWIFT_EMIT_LOC_STRINGS = NO;
				SWIFT_VERSION = 5.0;
				TARGETED_DEVICE_FAMILY = "1,2";
				TEST_TARGET_NAME = JYP;
			};
			name = Debug;
		};
		D0BFE37C286ACF8C00837F95 /* Release */ = {
			isa = XCBuildConfiguration;
			buildSettings = {
				ALWAYS_EMBED_SWIFT_STANDARD_LIBRARIES = YES;
				CODE_SIGN_STYLE = Automatic;
				CURRENT_PROJECT_VERSION = 1;
				DEVELOPMENT_TEAM = 8T8KL324F4;
				GENERATE_INFOPLIST_FILE = YES;
				MARKETING_VERSION = 1.0;
				PRODUCT_BUNDLE_IDENTIFIER = com.pa.JYPUITests;
				PRODUCT_NAME = "$(TARGET_NAME)";
				SWIFT_EMIT_LOC_STRINGS = NO;
				SWIFT_VERSION = 5.0;
				TARGETED_DEVICE_FAMILY = "1,2";
				TEST_TARGET_NAME = JYP;
			};
			name = Release;
		};
/* End XCBuildConfiguration section */

/* Begin XCConfigurationList section */
		D0BFE34B286ACF8A00837F95 /* Build configuration list for PBXProject "JYP" */ = {
			isa = XCConfigurationList;
			buildConfigurations = (
				D0BFE372286ACF8C00837F95 /* Debug */,
				D0BFE373286ACF8C00837F95 /* Release */,
			);
			defaultConfigurationIsVisible = 0;
			defaultConfigurationName = Release;
		};
		D0BFE374286ACF8C00837F95 /* Build configuration list for PBXNativeTarget "JYP" */ = {
			isa = XCConfigurationList;
			buildConfigurations = (
				D0BFE375286ACF8C00837F95 /* Debug */,
				D0BFE376286ACF8C00837F95 /* Release */,
			);
			defaultConfigurationIsVisible = 0;
			defaultConfigurationName = Release;
		};
		D0BFE377286ACF8C00837F95 /* Build configuration list for PBXNativeTarget "JYPTests" */ = {
			isa = XCConfigurationList;
			buildConfigurations = (
				D0BFE378286ACF8C00837F95 /* Debug */,
				D0BFE379286ACF8C00837F95 /* Release */,
			);
			defaultConfigurationIsVisible = 0;
			defaultConfigurationName = Release;
		};
		D0BFE37A286ACF8C00837F95 /* Build configuration list for PBXNativeTarget "JYPUITests" */ = {
			isa = XCConfigurationList;
			buildConfigurations = (
				D0BFE37B286ACF8C00837F95 /* Debug */,
				D0BFE37C286ACF8C00837F95 /* Release */,
			);
			defaultConfigurationIsVisible = 0;
			defaultConfigurationName = Release;
		};
/* End XCConfigurationList section */
	};
	rootObject = D0BFE348286ACF8A00837F95 /* Project object */;
}
